
Microsoft Visual Studio Solution File, Format Version 12.00
Project("{FAE04EC0-301F-11D3-BF4B-00C04F79EFBC}") = "Pkcs11Interop", "Pkcs11Interop\Pkcs11Interop.csproj", "{B920AE08-DDC7-46C7-B2F6-8B444EBDD932}"
EndProject
Project("{FAE04EC0-301F-11D3-BF4B-00C04F79EFBC}") = "CAConsole", "CAConsole\CAConsole.csproj", "{56D3E88B-DDF5-47EF-B874-096B3600619B}"
EndProject
Project("{FAE04EC0-301F-11D3-BF4B-00C04F79EFBC}") = "CAManagementTests", "CAManagementTests\CAManagementTests.csproj", "{06873651-8FE2-4FBD-A2CF-6B100DBFE334}"
EndProject
Global
	GlobalSection(SolutionConfigurationPlatforms) = preSolution
		Debug|Any CPU = Debug|Any CPU
		Release|Any CPU = Release|Any CPU
	EndGlobalSection
	GlobalSection(ProjectConfigurationPlatforms) = postSolution
		{AEA58BD0-26FB-469B-9D66-77F515AC4796}.Debug|Any CPU.ActiveCfg = Debug|Any CPU
		{AEA58BD0-26FB-469B-9D66-77F515AC4796}.Debug|Any CPU.Build.0 = Debug|Any CPU
		{AEA58BD0-26FB-469B-9D66-77F515AC4796}.Release|Any CPU.ActiveCfg = Release|Any CPU
		{AEA58BD0-26FB-469B-9D66-77F515AC4796}.Release|Any CPU.Build.0 = Release|Any CPU
		{B920AE08-DDC7-46C7-B2F6-8B444EBDD932}.Debug|Any CPU.ActiveCfg = Debug|Any CPU
		{B920AE08-DDC7-46C7-B2F6-8B444EBDD932}.Debug|Any CPU.Build.0 = Debug|Any CPU
		{B920AE08-DDC7-46C7-B2F6-8B444EBDD932}.Release|Any CPU.ActiveCfg = Release|Any CPU
		{B920AE08-DDC7-46C7-B2F6-8B444EBDD932}.Release|Any CPU.Build.0 = Release|Any CPU
		{56D3E88B-DDF5-47EF-B874-096B3600619B}.Debug|Any CPU.ActiveCfg = Debug|Any CPU
		{56D3E88B-DDF5-47EF-B874-096B3600619B}.Debug|Any CPU.Build.0 = Debug|Any CPU
		{56D3E88B-DDF5-47EF-B874-096B3600619B}.Release|Any CPU.ActiveCfg = Release|Any CPU
		{56D3E88B-DDF5-47EF-B874-096B3600619B}.Release|Any CPU.Build.0 = Release|Any CPU
		{06873651-8FE2-4FBD-A2CF-6B100DBFE334}.Debug|Any CPU.ActiveCfg = Debug|Any CPU
		{06873651-8FE2-4FBD-A2CF-6B100DBFE334}.Debug|Any CPU.Build.0 = Debug|Any CPU
		{06873651-8FE2-4FBD-A2CF-6B100DBFE334}.Release|Any CPU.ActiveCfg = Release|Any CPU
		{06873651-8FE2-4FBD-A2CF-6B100DBFE334}.Release|Any CPU.Build.0 = Release|Any CPU
	EndGlobalSection
EndGlobal
